
Microsoft Visual Studio Solution File, Format Version 12.00
# Visual Studio Version 17
VisualStudioVersion = 17.9.34728.123
MinimumVisualStudioVersion = 10.0.40219.1
Project("{FAE04EC0-301F-11D3-BF4B-00C04F79EFBC}") = "B1Task2", "B1Task2.csproj", "{816D9B1E-1EAD-48DE-9848-0B61A66C57EE}"
EndProject
Global
	GlobalSection(SolutionConfigurationPlatforms) = preSolution
		Debug|Any CPU = Debug|Any CPU
		Release|Any CPU = Release|Any CPU
	EndGlobalSection
	GlobalSection(ProjectConfigurationPlatforms) = postSolution
		{816D9B1E-1EAD-48DE-9848-0B61A66C57EE}.Debug|Any CPU.ActiveCfg = Debug|Any CPU
		{816D9B1E-1EAD-48DE-9848-0B61A66C57EE}.Debug|Any CPU.Build.0 = Debug|Any CPU
		{816D9B1E-1EAD-48DE-9848-0B61A66C57EE}.Release|Any CPU.ActiveCfg = Release|Any CPU
		{816D9B1E-1EAD-48DE-9848-0B61A66C57EE}.Release|Any CPU.Build.0 = Release|Any CPU
	EndGlobalSection
	GlobalSection(SolutionProperties) = preSolution
		HideSolutionNode = FALSE
	EndGlobalSection
	GlobalSection(ExtensibilityGlobals) = postSolution
		SolutionGuid = {E2ECA574-EAD7-4C16-AAAB-D27CA597AE5E}
	EndGlobalSection
EndGlobal
